
Microsoft Visual Studio Solution File, Format Version 12.00
# Visual Studio for Mac
Project("{FAE04EC0-301F-11D3-BF4B-00C04F79EFBC}") = "ARKitUdacity", "ARKitUdacity.csproj", "{97E74EC7-16F2-12E7-ABA2-3A94D870BFEB}"
EndProject
Project("{FAE04EC0-301F-11D3-BF4B-00C04F79EFBC}") = "ARKitUdacity.Editor", "ARKitUdacity.Editor.csproj", "{5751E6BD-7A08-AC23-89A9-76CCACBDDB38}"
EndProject
Global
	GlobalSection(SolutionConfigurationPlatforms) = preSolution
		Debug|Any CPU = Debug|Any CPU
		Release|Any CPU = Release|Any CPU
	EndGlobalSection
	GlobalSection(ProjectConfigurationPlatforms) = postSolution
		{97E74EC7-16F2-12E7-ABA2-3A94D870BFEB}.Debug|Any CPU.ActiveCfg = Debug|Any CPU
		{97E74EC7-16F2-12E7-ABA2-3A94D870BFEB}.Debug|Any CPU.Build.0 = Debug|Any CPU
		{97E74EC7-16F2-12E7-ABA2-3A94D870BFEB}.Release|Any CPU.ActiveCfg = Release|Any CPU
		{97E74EC7-16F2-12E7-ABA2-3A94D870BFEB}.Release|Any CPU.Build.0 = Release|Any CPU
		{5751E6BD-7A08-AC23-89A9-76CCACBDDB38}.Debug|Any CPU.ActiveCfg = Debug|Any CPU
		{5751E6BD-7A08-AC23-89A9-76CCACBDDB38}.Debug|Any CPU.Build.0 = Debug|Any CPU
		{5751E6BD-7A08-AC23-89A9-76CCACBDDB38}.Release|Any CPU.ActiveCfg = Release|Any CPU
		{5751E6BD-7A08-AC23-89A9-76CCACBDDB38}.Release|Any CPU.Build.0 = Release|Any CPU
	EndGlobalSection
	GlobalSection(SolutionProperties) = preSolution
		HideSolutionNode = FALSE
	EndGlobalSection
EndGlobal
